
Microsoft Visual Studio Solution File, Format Version 12.00
# Visual Studio 15
VisualStudioVersion = 15.0.27130.2036
MinimumVisualStudioVersion = 10.0.40219.1
Project("{FAE04EC0-301F-11D3-BF4B-00C04F79EFBC}") = "Gilliland_CSC373Final", "Gilliland_CSC373Final\Gilliland_CSC373Final.csproj", "{9399BA98-1564-4148-8726-AA020CE177D5}"
EndProject
Project("{2150E333-8FDC-42A3-9474-1A3956D46DE8}") = "PAL", "PAL", "{58D34A0B-44BB-4DE0-87E9-7422BA9EC360}"
EndProject
Project("{2150E333-8FDC-42A3-9474-1A3956D46DE8}") = "BAL", "BAL", "{08D9A737-5DFE-466B-A2C3-1B0225D91468}"
EndProject
Project("{2150E333-8FDC-42A3-9474-1A3956D46DE8}") = "DAL", "DAL", "{E7722E85-B53D-4BAE-A7CB-75E41E6F409D}"
EndProject
Project("{FAE04EC0-301F-11D3-BF4B-00C04F79EFBC}") = "ComputerVisionAPI", "ComputerVisionAPI\ComputerVisionAPI.csproj", "{57406032-6875-4736-B359-23CFF0B0611B}"
EndProject
Project("{FAE04EC0-301F-11D3-BF4B-00C04F79EFBC}") = "ByteConverter", "ByteConverter\ByteConverter.csproj", "{BDE86142-C2FF-4D1A-8495-EA07B52D60A8}"
EndProject
Project("{FAE04EC0-301F-11D3-BF4B-00C04F79EFBC}") = "TranslatorTextAPI", "TranslatorTextAPI\TranslatorTextAPI.csproj", "{14D76E6F-D95C-40D2-BAF1-CC8A07D536F1}"
EndProject
Project("{FAE04EC0-301F-11D3-BF4B-00C04F79EFBC}") = "TranslateTest", "TranslateTest\TranslateTest.csproj", "{7D857A95-8DBB-4C2A-A44F-AB6377F97EDC}"
EndProject
Global
	GlobalSection(SolutionConfigurationPlatforms) = preSolution
		Debug|Any CPU = Debug|Any CPU
		Release|Any CPU = Release|Any CPU
	EndGlobalSection
	GlobalSection(ProjectConfigurationPlatforms) = postSolution
		{9399BA98-1564-4148-8726-AA020CE177D5}.Debug|Any CPU.ActiveCfg = Debug|Any CPU
		{9399BA98-1564-4148-8726-AA020CE177D5}.Debug|Any CPU.Build.0 = Debug|Any CPU
		{9399BA98-1564-4148-8726-AA020CE177D5}.Release|Any CPU.ActiveCfg = Release|Any CPU
		{9399BA98-1564-4148-8726-AA020CE177D5}.Release|Any CPU.Build.0 = Release|Any CPU
		{57406032-6875-4736-B359-23CFF0B0611B}.Debug|Any CPU.ActiveCfg = Debug|Any CPU
		{57406032-6875-4736-B359-23CFF0B0611B}.Debug|Any CPU.Build.0 = Debug|Any CPU
		{57406032-6875-4736-B359-23CFF0B0611B}.Release|Any CPU.ActiveCfg = Release|Any CPU
		{57406032-6875-4736-B359-23CFF0B0611B}.Release|Any CPU.Build.0 = Release|Any CPU
		{BDE86142-C2FF-4D1A-8495-EA07B52D60A8}.Debug|Any CPU.ActiveCfg = Debug|Any CPU
		{BDE86142-C2FF-4D1A-8495-EA07B52D60A8}.Debug|Any CPU.Build.0 = Debug|Any CPU
		{BDE86142-C2FF-4D1A-8495-EA07B52D60A8}.Release|Any CPU.ActiveCfg = Release|Any CPU
		{BDE86142-C2FF-4D1A-8495-EA07B52D60A8}.Release|Any CPU.Build.0 = Release|Any CPU
		{14D76E6F-D95C-40D2-BAF1-CC8A07D536F1}.Debug|Any CPU.ActiveCfg = Debug|Any CPU
		{14D76E6F-D95C-40D2-BAF1-CC8A07D536F1}.Debug|Any CPU.Build.0 = Debug|Any CPU
		{14D76E6F-D95C-40D2-BAF1-CC8A07D536F1}.Release|Any CPU.ActiveCfg = Release|Any CPU
		{14D76E6F-D95C-40D2-BAF1-CC8A07D536F1}.Release|Any CPU.Build.0 = Release|Any CPU
		{7D857A95-8DBB-4C2A-A44F-AB6377F97EDC}.Debug|Any CPU.ActiveCfg = Debug|Any CPU
		{7D857A95-8DBB-4C2A-A44F-AB6377F97EDC}.Debug|Any CPU.Build.0 = Debug|Any CPU
		{7D857A95-8DBB-4C2A-A44F-AB6377F97EDC}.Release|Any CPU.ActiveCfg = Release|Any CPU
		{7D857A95-8DBB-4C2A-A44F-AB6377F97EDC}.Release|Any CPU.Build.0 = Release|Any CPU
	EndGlobalSection
	GlobalSection(SolutionProperties) = preSolution
		HideSolutionNode = FALSE
	EndGlobalSection
	GlobalSection(NestedProjects) = preSolution
		{9399BA98-1564-4148-8726-AA020CE177D5} = {58D34A0B-44BB-4DE0-87E9-7422BA9EC360}
		{57406032-6875-4736-B359-23CFF0B0611B} = {08D9A737-5DFE-466B-A2C3-1B0225D91468}
		{BDE86142-C2FF-4D1A-8495-EA07B52D60A8} = {08D9A737-5DFE-466B-A2C3-1B0225D91468}
		{14D76E6F-D95C-40D2-BAF1-CC8A07D536F1} = {08D9A737-5DFE-466B-A2C3-1B0225D91468}
		{7D857A95-8DBB-4C2A-A44F-AB6377F97EDC} = {58D34A0B-44BB-4DE0-87E9-7422BA9EC360}
	EndGlobalSection
	GlobalSection(ExtensibilityGlobals) = postSolution
		SolutionGuid = {D33D4E35-262D-431C-8873-8AFF2D8BC2E9}
	EndGlobalSection
EndGlobal
